
Microsoft Visual Studio Solution File, Format Version 12.00
# Visual Studio Version 16
VisualStudioVersion = 16.0.31019.35
MinimumVisualStudioVersion = 10.0.40219.1
Project("{FAE04EC0-301F-11D3-BF4B-00C04F79EFBC}") = "NetCoreEFHospitales", "NetCoreEFHospitales\NetCoreEFHospitales.csproj", "{A0109736-73F7-4BDC-A65B-B60FD6DF4AEA}"
EndProject
Global
	GlobalSection(SolutionConfigurationPlatforms) = preSolution
		Debug|Any CPU = Debug|Any CPU
		Release|Any CPU = Release|Any CPU
	EndGlobalSection
	GlobalSection(ProjectConfigurationPlatforms) = postSolution
		{A0109736-73F7-4BDC-A65B-B60FD6DF4AEA}.Debug|Any CPU.ActiveCfg = Debug|Any CPU
		{A0109736-73F7-4BDC-A65B-B60FD6DF4AEA}.Debug|Any CPU.Build.0 = Debug|Any CPU
		{A0109736-73F7-4BDC-A65B-B60FD6DF4AEA}.Release|Any CPU.ActiveCfg = Release|Any CPU
		{A0109736-73F7-4BDC-A65B-B60FD6DF4AEA}.Release|Any CPU.Build.0 = Release|Any CPU
	EndGlobalSection
	GlobalSection(SolutionProperties) = preSolution
		HideSolutionNode = FALSE
	EndGlobalSection
	GlobalSection(ExtensibilityGlobals) = postSolution
		SolutionGuid = {8089D813-C16E-4173-8A82-9AC4709DE22E}
	EndGlobalSection
EndGlobal
